
Microsoft Visual Studio Solution File, Format Version 12.00
# Visual Studio Version 16
VisualStudioVersion = 16.0.31911.196
MinimumVisualStudioVersion = 10.0.40219.1
Project("{FAE04EC0-301F-11D3-BF4B-00C04F79EFBC}") = "App1.UWP", "App1\App1.UWP\App1.UWP.csproj", "{12A403F8-F3BE-4BE4-A712-3651E0F69D04}"
EndProject
Project("{FAE04EC0-301F-11D3-BF4B-00C04F79EFBC}") = "App1.Android", "App1\App1.Android\App1.Android.csproj", "{EAA645AB-BC67-420F-A0CD-0DC7C0597357}"
EndProject
Project("{FAE04EC0-301F-11D3-BF4B-00C04F79EFBC}") = "App1.iOS", "App1\App1.iOS\App1.iOS.csproj", "{9A4FA799-1C29-4C98-8758-65D52C13D1CA}"
EndProject
Project("{9A19103F-16F7-4668-BE54-9A1E7A4F7556}") = "App1", "App1\App1\App1.csproj", "{9A43C1E3-AD4D-4513-A2E7-74DBF4392519}"
EndProject
Project("{FAE04EC0-301F-11D3-BF4B-00C04F79EFBC}") = "App1.UITest", "App1.UITest\App1.UITest.csproj", "{6C837723-D1C5-4BDD-98BD-D51631770C74}"
EndProject
Global
	GlobalSection(SolutionConfigurationPlatforms) = preSolution
		Debug|Any CPU = Debug|Any CPU
		Debug|ARM = Debug|ARM
		Debug|iPhone = Debug|iPhone
		Debug|iPhoneSimulator = Debug|iPhoneSimulator
		Debug|x64 = Debug|x64
		Debug|x86 = Debug|x86
		Release|Any CPU = Release|Any CPU
		Release|ARM = Release|ARM
		Release|iPhone = Release|iPhone
		Release|iPhoneSimulator = Release|iPhoneSimulator
		Release|x64 = Release|x64
		Release|x86 = Release|x86
	EndGlobalSection
	GlobalSection(ProjectConfigurationPlatforms) = postSolution
		{12A403F8-F3BE-4BE4-A712-3651E0F69D04}.Debug|Any CPU.ActiveCfg = Debug|x86
		{12A403F8-F3BE-4BE4-A712-3651E0F69D04}.Debug|Any CPU.Build.0 = Debug|x86
		{12A403F8-F3BE-4BE4-A712-3651E0F69D04}.Debug|Any CPU.Deploy.0 = Debug|x86
		{12A403F8-F3BE-4BE4-A712-3651E0F69D04}.Debug|ARM.ActiveCfg = Debug|ARM
		{12A403F8-F3BE-4BE4-A712-3651E0F69D04}.Debug|ARM.Build.0 = Debug|ARM
		{12A403F8-F3BE-4BE4-A712-3651E0F69D04}.Debug|ARM.Deploy.0 = Debug|ARM
		{12A403F8-F3BE-4BE4-A712-3651E0F69D04}.Debug|iPhone.ActiveCfg = Debug|x86
		{12A403F8-F3BE-4BE4-A712-3651E0F69D04}.Debug|iPhone.Build.0 = Debug|x86
		{12A403F8-F3BE-4BE4-A712-3651E0F69D04}.Debug|iPhone.Deploy.0 = Debug|x86
		{12A403F8-F3BE-4BE4-A712-3651E0F69D04}.Debug|iPhoneSimulator.ActiveCfg = Debug|x86
		{12A403F8-F3BE-4BE4-A712-3651E0F69D04}.Debug|iPhoneSimulator.Build.0 = Debug|x86
		{12A403F8-F3BE-4BE4-A712-3651E0F69D04}.Debug|iPhoneSimulator.Deploy.0 = Debug|x86
		{12A403F8-F3BE-4BE4-A712-3651E0F69D04}.Debug|x64.ActiveCfg = Debug|x64
		{12A403F8-F3BE-4BE4-A712-3651E0F69D04}.Debug|x64.Build.0 = Debug|x64
		{12A403F8-F3BE-4BE4-A712-3651E0F69D04}.Debug|x64.Deploy.0 = Debug|x64
		{12A403F8-F3BE-4BE4-A712-3651E0F69D04}.Debug|x86.ActiveCfg = Debug|x86
		{12A403F8-F3BE-4BE4-A712-3651E0F69D04}.Debug|x86.Build.0 = Debug|x86
		{12A403F8-F3BE-4BE4-A712-3651E0F69D04}.Debug|x86.Deploy.0 = Debug|x86
		{12A403F8-F3BE-4BE4-A712-3651E0F69D04}.Release|Any CPU.ActiveCfg = Release|x86
		{12A403F8-F3BE-4BE4-A712-3651E0F69D04}.Release|Any CPU.Build.0 = Release|x86
		{12A403F8-F3BE-4BE4-A712-3651E0F69D04}.Release|Any CPU.Deploy.0 = Release|x86
		{12A403F8-F3BE-4BE4-A712-3651E0F69D04}.Release|ARM.ActiveCfg = Release|ARM
		{12A403F8-F3BE-4BE4-A712-3651E0F69D04}.Release|ARM.Build.0 = Release|ARM
		{12A403F8-F3BE-4BE4-A712-3651E0F69D04}.Release|ARM.Deploy.0 = Release|ARM
		{12A403F8-F3BE-4BE4-A712-3651E0F69D04}.Release|iPhone.ActiveCfg = Release|x86
		{12A403F8-F3BE-4BE4-A712-3651E0F69D04}.Release|iPhone.Build.0 = Release|x86
		{12A403F8-F3BE-4BE4-A712-3651E0F69D04}.Release|iPhone.Deploy.0 = Release|x86
		{12A403F8-F3BE-4BE4-A712-3651E0F69D04}.Release|iPhoneSimulator.ActiveCfg = Release|x86
		{12A403F8-F3BE-4BE4-A712-3651E0F69D04}.Release|iPhoneSimulator.Build.0 = Release|x86
		{12A403F8-F3BE-4BE4-A712-3651E0F69D04}.Release|iPhoneSimulator.Deploy.0 = Release|x86
		{12A403F8-F3BE-4BE4-A712-3651E0F69D04}.Release|x64.ActiveCfg = Release|x64
		{12A403F8-F3BE-4BE4-A712-3651E0F69D04}.Release|x64.Build.0 = Release|x64
		{12A403F8-F3BE-4BE4-A712-3651E0F69D04}.Release|x64.Deploy.0 = Release|x64
		{12A403F8-F3BE-4BE4-A712-3651E0F69D04}.Release|x86.ActiveCfg = Release|x86
		{12A403F8-F3BE-4BE4-A712-3651E0F69D04}.Release|x86.Build.0 = Release|x86
		{12A403F8-F3BE-4BE4-A712-3651E0F69D04}.Release|x86.Deploy.0 = Release|x86
		{EAA645AB-BC67-420F-A0CD-0DC7C0597357}.Debug|Any CPU.ActiveCfg = Debug|Any CPU
		{EAA645AB-BC67-420F-A0CD-0DC7C0597357}.Debug|Any CPU.Build.0 = Debug|Any CPU
		{EAA645AB-BC67-420F-A0CD-0DC7C0597357}.Debug|Any CPU.Deploy.0 = Debug|Any CPU
		{EAA645AB-BC67-420F-A0CD-0DC7C0597357}.Debug|ARM.ActiveCfg = Debug|Any CPU
		{EAA645AB-BC67-420F-A0CD-0DC7C0597357}.Debug|ARM.Build.0 = Debug|Any CPU
		{EAA645AB-BC67-420F-A0CD-0DC7C0597357}.Debug|ARM.Deploy.0 = Debug|Any CPU
		{EAA645AB-BC67-420F-A0CD-0DC7C0597357}.Debug|iPhone.ActiveCfg = Debug|Any CPU
		{EAA645AB-BC67-420F-A0CD-0DC7C0597357}.Debug|iPhone.Build.0 = Debug|Any CPU
		{EAA645AB-BC67-420F-A0CD-0DC7C0597357}.Debug|iPhone.Deploy.0 = Debug|Any CPU
		{EAA645AB-BC67-420F-A0CD-0DC7C0597357}.Debug|iPhoneSimulator.ActiveCfg = Debug|Any CPU
		{EAA645AB-BC67-420F-A0CD-0DC7C0597357}.Debug|iPhoneSimulator.Build.0 = Debug|Any CPU
		{EAA645AB-BC67-420F-A0CD-0DC7C0597357}.Debug|iPhoneSimulator.Deploy.0 = Debug|Any CPU
		{EAA645AB-BC67-420F-A0CD-0DC7C0597357}.Debug|x64.ActiveCfg = Debug|Any CPU
		{EAA645AB-BC67-420F-A0CD-0DC7C0597357}.Debug|x64.Build.0 = Debug|Any CPU
		{EAA645AB-BC67-420F-A0CD-0DC7C0597357}.Debug|x64.Deploy.0 = Debug|Any CPU
		{EAA645AB-BC67-420F-A0CD-0DC7C0597357}.Debug|x86.ActiveCfg = Debug|Any CPU
		{EAA645AB-BC67-420F-A0CD-0DC7C0597357}.Debug|x86.Build.0 = Debug|Any CPU
		{EAA645AB-BC67-420F-A0CD-0DC7C0597357}.Debug|x86.Deploy.0 = Debug|Any CPU
		{EAA645AB-BC67-420F-A0CD-0DC7C0597357}.Release|Any CPU.ActiveCfg = Release|Any CPU
		{EAA645AB-BC67-420F-A0CD-0DC7C0597357}.Release|Any CPU.Build.0 = Release|Any CPU
		{EAA645AB-BC67-420F-A0CD-0DC7C0597357}.Release|Any CPU.Deploy.0 = Release|Any CPU
		{EAA645AB-BC67-420F-A0CD-0DC7C0597357}.Release|ARM.ActiveCfg = Release|Any CPU
		{EAA645AB-BC67-420F-A0CD-0DC7C0597357}.Release|ARM.Build.0 = Release|Any CPU
		{EAA645AB-BC67-420F-A0CD-0DC7C0597357}.Release|ARM.Deploy.0 = Release|Any CPU
		{EAA645AB-BC67-420F-A0CD-0DC7C0597357}.Release|iPhone.ActiveCfg = Release|Any CPU
		{EAA645AB-BC67-420F-A0CD-0DC7C0597357}.Release|iPhone.Build.0 = Release|Any CPU
		{EAA645AB-BC67-420F-A0CD-0DC7C0597357}.Release|iPhone.Deploy.0 = Release|Any CPU
		{EAA645AB-BC67-420F-A0CD-0DC7C0597357}.Release|iPhoneSimulator.ActiveCfg = Release|Any CPU
		{EAA645AB-BC67-420F-A0CD-0DC7C0597357}.Release|iPhoneSimulator.Build.0 = Release|Any CPU
		{EAA645AB-BC67-420F-A0CD-0DC7C0597357}.Release|iPhoneSimulator.Deploy.0 = Release|Any CPU
		{EAA645AB-BC67-420F-A0CD-0DC7C0597357}.Release|x64.ActiveCfg = Release|Any CPU
		{EAA645AB-BC67-420F-A0CD-0DC7C0597357}.Release|x64.Build.0 = Release|Any CPU
		{EAA645AB-BC67-420F-A0CD-0DC7C0597357}.Release|x64.Deploy.0 = Release|Any CPU
		{EAA645AB-BC67-420F-A0CD-0DC7C0597357}.Release|x86.ActiveCfg = Release|Any CPU
		{EAA645AB-BC67-420F-A0CD-0DC7C0597357}.Release|x86.Build.0 = Release|Any CPU
		{EAA645AB-BC67-420F-A0CD-0DC7C0597357}.Release|x86.Deploy.0 = Release|Any CPU
		{9A4FA799-1C29-4C98-8758-65D52C13D1CA}.Debug|Any CPU.ActiveCfg = Debug|iPhoneSimulator
		{9A4FA799-1C29-4C98-8758-65D52C13D1CA}.Debug|Any CPU.Build.0 = Debug|iPhoneSimulator
		{9A4FA799-1C29-4C98-8758-65D52C13D1CA}.Debug|Any CPU.Deploy.0 = Debug|iPhoneSimulator
		{9A4FA799-1C29-4C98-8758-65D52C13D1CA}.Debug|ARM.ActiveCfg = Debug|iPhone
		{9A4FA799-1C29-4C98-8758-65D52C13D1CA}.Debug|ARM.Build.0 = Debug|iPhone
		{9A4FA799-1C29-4C98-8758-65D52C13D1CA}.Debug|ARM.Deploy.0 = Debug|iPhone
		{9A4FA799-1C29-4C98-8758-65D52C13D1CA}.Debug|iPhone.ActiveCfg = Debug|iPhone
		{9A4FA799-1C29-4C98-8758-65D52C13D1CA}.Debug|iPhone.Build.0 = Debug|iPhone
		{9A4FA799-1C29-4C98-8758-65D52C13D1CA}.Debug|iPhone.Deploy.0 = Debug|iPhone
		{9A4FA799-1C29-4C98-8758-65D52C13D1CA}.Debug|iPhoneSimulator.ActiveCfg = Debug|iPhoneSimulator
		{9A4FA799-1C29-4C98-8758-65D52C13D1CA}.Debug|iPhoneSimulator.Build.0 = Debug|iPhoneSimulator
		{9A4FA799-1C29-4C98-8758-65D52C13D1CA}.Debug|iPhoneSimulator.Deploy.0 = Debug|iPhoneSimulator
		{9A4FA799-1C29-4C98-8758-65D52C13D1CA}.Debug|x64.ActiveCfg = Debug|iPhoneSimulator
		{9A4FA799-1C29-4C98-8758-65D52C13D1CA}.Debug|x64.Build.0 = Debug|iPhoneSimulator
		{9A4FA799-1C29-4C98-8758-65D52C13D1CA}.Debug|x64.Deploy.0 = Debug|iPhoneSimulator
		{9A4FA799-1C29-4C98-8758-65D52C13D1CA}.Debug|x86.ActiveCfg = Debug|iPhoneSimulator
		{9A4FA799-1C29-4C98-8758-65D52C13D1CA}.Debug|x86.Build.0 = Debug|iPhoneSimulator
		{9A4FA799-1C29-4C98-8758-65D52C13D1CA}.Debug|x86.Deploy.0 = Debug|iPhoneSimulator
		{9A4FA799-1C29-4C98-8758-65D52C13D1CA}.Release|Any CPU.ActiveCfg = Release|iPhoneSimulator
		{9A4FA799-1C29-4C98-8758-65D52C13D1CA}.Release|Any CPU.Build.0 = Release|iPhoneSimulator
		{9A4FA799-1C29-4C98-8758-65D52C13D1CA}.Release|Any CPU.Deploy.0 = Release|iPhoneSimulator
		{9A4FA799-1C29-4C98-8758-65D52C13D1CA}.Release|ARM.ActiveCfg = Release|iPhoneSimulator
		{9A4FA799-1C29-4C98-8758-65D52C13D1CA}.Release|ARM.Build.0 = Release|iPhoneSimulator
		{9A4FA799-1C29-4C98-8758-65D52C13D1CA}.Release|ARM.Deploy.0 = Release|iPhoneSimulator
		{9A4FA799-1C29-4C98-8758-65D52C13D1CA}.Release|iPhone.ActiveCfg = Release|iPhone
		{9A4FA799-1C29-4C98-8758-65D52C13D1CA}.Release|iPhone.Build.0 = Release|iPhone
		{9A4FA799-1C29-4C98-8758-65D52C13D1CA}.Release|iPhone.Deploy.0 = Release|iPhone
		{9A4FA799-1C29-4C98-8758-65D52C13D1CA}.Release|iPhoneSimulator.ActiveCfg = Release|iPhoneSimulator
		{9A4FA799-1C29-4C98-8758-65D52C13D1CA}.Release|iPhoneSimulator.Build.0 = Release|iPhoneSimulator
		{9A4FA799-1C29-4C98-8758-65D52C13D1CA}.Release|iPhoneSimulator.Deploy.0 = Release|iPhoneSimulator
		{9A4FA799-1C29-4C98-8758-65D52C13D1CA}.Release|x64.ActiveCfg = Release|iPhoneSimulator
		{9A4FA799-1C29-4C98-8758-65D52C13D1CA}.Release|x64.Build.0 = Release|iPhoneSimulator
		{9A4FA799-1C29-4C98-8758-65D52C13D1CA}.Release|x64.Deploy.0 = Release|iPhoneSimulator
		{9A4FA799-1C29-4C98-8758-65D52C13D1CA}.Release|x86.ActiveCfg = Release|iPhoneSimulator
		{9A4FA799-1C29-4C98-8758-65D52C13D1CA}.Release|x86.Build.0 = Release|iPhoneSimulator
		{9A4FA799-1C29-4C98-8758-65D52C13D1CA}.Release|x86.Deploy.0 = Release|iPhoneSimulator
		{9A43C1E3-AD4D-4513-A2E7-74DBF4392519}.Debug|Any CPU.ActiveCfg = Debug|Any CPU
		{9A43C1E3-AD4D-4513-A2E7-74DBF4392519}.Debug|Any CPU.Build.0 = Debug|Any CPU
		{9A43C1E3-AD4D-4513-A2E7-74DBF4392519}.Debug|Any CPU.Deploy.0 = Debug|Any CPU
		{9A43C1E3-AD4D-4513-A2E7-74DBF4392519}.Debug|ARM.ActiveCfg = Debug|Any CPU
		{9A43C1E3-AD4D-4513-A2E7-74DBF4392519}.Debug|ARM.Build.0 = Debug|Any CPU
		{9A43C1E3-AD4D-4513-A2E7-74DBF4392519}.Debug|ARM.Deploy.0 = Debug|Any CPU
		{9A43C1E3-AD4D-4513-A2E7-74DBF4392519}.Debug|iPhone.ActiveCfg = Debug|Any CPU
		{9A43C1E3-AD4D-4513-A2E7-74DBF4392519}.Debug|iPhone.Build.0 = Debug|Any CPU
		{9A43C1E3-AD4D-4513-A2E7-74DBF4392519}.Debug|iPhone.Deploy.0 = Debug|Any CPU
		{9A43C1E3-AD4D-4513-A2E7-74DBF4392519}.Debug|iPhoneSimulator.ActiveCfg = Debug|Any CPU
		{9A43C1E3-AD4D-4513-A2E7-74DBF4392519}.Debug|iPhoneSimulator.Build.0 = Debug|Any CPU
		{9A43C1E3-AD4D-4513-A2E7-74DBF4392519}.Debug|iPhoneSimulator.Deploy.0 = Debug|Any CPU
		{9A43C1E3-AD4D-4513-A2E7-74DBF4392519}.Debug|x64.ActiveCfg = Debug|Any CPU
		{9A43C1E3-AD4D-4513-A2E7-74DBF4392519}.Debug|x64.Build.0 = Debug|Any CPU
		{9A43C1E3-AD4D-4513-A2E7-74DBF4392519}.Debug|x64.Deploy.0 = Debug|Any CPU
		{9A43C1E3-AD4D-4513-A2E7-74DBF4392519}.Debug|x86.ActiveCfg = Debug|Any CPU
		{9A43C1E3-AD4D-4513-A2E7-74DBF4392519}.Debug|x86.Build.0 = Debug|Any CPU
		{9A43C1E3-AD4D-4513-A2E7-74DBF4392519}.Debug|x86.Deploy.0 = Debug|Any CPU
		{9A43C1E3-AD4D-4513-A2E7-74DBF4392519}.Release|Any CPU.ActiveCfg = Release|Any CPU
		{9A43C1E3-AD4D-4513-A2E7-74DBF4392519}.Release|Any CPU.Build.0 = Release|Any CPU
		{9A43C1E3-AD4D-4513-A2E7-74DBF4392519}.Release|Any CPU.Deploy.0 = Release|Any CPU
		{9A43C1E3-AD4D-4513-A2E7-74DBF4392519}.Release|ARM.ActiveCfg = Release|Any CPU
		{9A43C1E3-AD4D-4513-A2E7-74DBF4392519}.Release|ARM.Build.0 = Release|Any CPU
		{9A43C1E3-AD4D-4513-A2E7-74DBF4392519}.Release|ARM.Deploy.0 = Release|Any CPU
		{9A43C1E3-AD4D-4513-A2E7-74DBF4392519}.Release|iPhone.ActiveCfg = Release|Any CPU
		{9A43C1E3-AD4D-4513-A2E7-74DBF4392519}.Release|iPhone.Build.0 = Release|Any CPU
		{9A43C1E3-AD4D-4513-A2E7-74DBF4392519}.Release|iPhone.Deploy.0 = Release|Any CPU
		{9A43C1E3-AD4D-4513-A2E7-74DBF4392519}.Release|iPhoneSimulator.ActiveCfg = Release|Any CPU
		{9A43C1E3-AD4D-4513-A2E7-74DBF4392519}.Release|iPhoneSimulator.Build.0 = Release|Any CPU
		{9A43C1E3-AD4D-4513-A2E7-74DBF4392519}.Release|iPhoneSimulator.Deploy.0 = Release|Any CPU
		{9A43C1E3-AD4D-4513-A2E7-74DBF4392519}.Release|x64.ActiveCfg = Release|Any CPU
		{9A43C1E3-AD4D-4513-A2E7-74DBF4392519}.Release|x64.Build.0 = Release|Any CPU
		{9A43C1E3-AD4D-4513-A2E7-74DBF4392519}.Release|x64.Deploy.0 = Release|Any CPU
		{9A43C1E3-AD4D-4513-A2E7-74DBF4392519}.Release|x86.ActiveCfg = Release|Any CPU
		{9A43C1E3-AD4D-4513-A2E7-74DBF4392519}.Release|x86.Build.0 = Release|Any CPU
		{9A43C1E3-AD4D-4513-A2E7-74DBF4392519}.Release|x86.Deploy.0 = Release|Any CPU
		{6C837723-D1C5-4BDD-98BD-D51631770C74}.Debug|Any CPU.ActiveCfg = Debug|Any CPU
		{6C837723-D1C5-4BDD-98BD-D51631770C74}.Debug|Any CPU.Build.0 = Debug|Any CPU
		{6C837723-D1C5-4BDD-98BD-D51631770C74}.Debug|ARM.ActiveCfg = Debug|Any CPU
		{6C837723-D1C5-4BDD-98BD-D51631770C74}.Debug|ARM.Build.0 = Debug|Any CPU
		{6C837723-D1C5-4BDD-98BD-D51631770C74}.Debug|iPhone.ActiveCfg = Debug|Any CPU
		{6C837723-D1C5-4BDD-98BD-D51631770C74}.Debug|iPhone.Build.0 = Debug|Any CPU
		{6C837723-D1C5-4BDD-98BD-D51631770C74}.Debug|iPhoneSimulator.ActiveCfg = Debug|Any CPU
		{6C837723-D1C5-4BDD-98BD-D51631770C74}.Debug|iPhoneSimulator.Build.0 = Debug|Any CPU
		{6C837723-D1C5-4BDD-98BD-D51631770C74}.Debug|x64.ActiveCfg = Debug|Any CPU
		{6C837723-D1C5-4BDD-98BD-D51631770C74}.Debug|x64.Build.0 = Debug|Any CPU
		{6C837723-D1C5-4BDD-98BD-D51631770C74}.Debug|x86.ActiveCfg = Debug|Any CPU
		{6C837723-D1C5-4BDD-98BD-D51631770C74}.Debug|x86.Build.0 = Debug|Any CPU
		{6C837723-D1C5-4BDD-98BD-D51631770C74}.Release|Any CPU.ActiveCfg = Release|Any CPU
		{6C837723-D1C5-4BDD-98BD-D51631770C74}.Release|Any CPU.Build.0 = Release|Any CPU
		{6C837723-D1C5-4BDD-98BD-D51631770C74}.Release|ARM.ActiveCfg = Release|Any CPU
		{6C837723-D1C5-4BDD-98BD-D51631770C74}.Release|ARM.Build.0 = Release|Any CPU
		{6C837723-D1C5-4BDD-98BD-D51631770C74}.Release|iPhone.ActiveCfg = Release|Any CPU
		{6C837723-D1C5-4BDD-98BD-D51631770C74}.Release|iPhone.Build.0 = Release|Any CPU
		{6C837723-D1C5-4BDD-98BD-D51631770C74}.Release|iPhoneSimulator.ActiveCfg = Release|Any CPU
		{6C837723-D1C5-4BDD-98BD-D51631770C74}.Release|iPhoneSimulator.Build.0 = Release|Any CPU
		{6C837723-D1C5-4BDD-98BD-D51631770C74}.Release|x64.ActiveCfg = Release|Any CPU
		{6C837723-D1C5-4BDD-98BD-D51631770C74}.Release|x64.Build.0 = Release|Any CPU
		{6C837723-D1C5-4BDD-98BD-D51631770C74}.Release|x86.ActiveCfg = Release|Any CPU
		{6C837723-D1C5-4BDD-98BD-D51631770C74}.Release|x86.Build.0 = Release|Any CPU
	EndGlobalSection
	GlobalSection(SolutionProperties) = preSolution
		HideSolutionNode = FALSE
	EndGlobalSection
	GlobalSection(ExtensibilityGlobals) = postSolution
		SolutionGuid = {BEF60200-CD6E-4729-9066-094B9AB03DFF}
	EndGlobalSection
EndGlobal
